
Microsoft Visual Studio Solution File, Format Version 12.00
# Visual Studio Version 17
VisualStudioVersion = 17.4.33205.214
MinimumVisualStudioVersion = 10.0.40219.1
Project("{FAE04EC0-301F-11D3-BF4B-00C04F79EFBC}") = "TrabalhoGrupoM17C_Pert", "TrabalhoGrupoM17C_Pert.csproj", "{C67C4E73-FC52-46D2-ADEE-EDE1F4EDB1B6}"
EndProject
Global
	GlobalSection(SolutionConfigurationPlatforms) = preSolution
		Debug|Any CPU = Debug|Any CPU
		Release|Any CPU = Release|Any CPU
	EndGlobalSection
	GlobalSection(ProjectConfigurationPlatforms) = postSolution
		{C67C4E73-FC52-46D2-ADEE-EDE1F4EDB1B6}.Debug|Any CPU.ActiveCfg = Debug|Any CPU
		{C67C4E73-FC52-46D2-ADEE-EDE1F4EDB1B6}.Debug|Any CPU.Build.0 = Debug|Any CPU
		{C67C4E73-FC52-46D2-ADEE-EDE1F4EDB1B6}.Release|Any CPU.ActiveCfg = Release|Any CPU
		{C67C4E73-FC52-46D2-ADEE-EDE1F4EDB1B6}.Release|Any CPU.Build.0 = Release|Any CPU
	EndGlobalSection
	GlobalSection(SolutionProperties) = preSolution
		HideSolutionNode = FALSE
	EndGlobalSection
	GlobalSection(ExtensibilityGlobals) = postSolution
		SolutionGuid = {C03217CC-4059-463B-9109-9A333E25C08A}
	EndGlobalSection
EndGlobal
